// !$*UTF8*$!
{
	archiveVersion = 1;
	classes = {
	};
	objectVersion = 52;
	objects = {

/* Begin PBXBuildFile section */
		470201B1265B54720030ECA9 /* WebAPISimplifiedAlbumObject.swift in Sources */ = {isa = PBXBuildFile; fileRef = 470201B0265B54720030ECA9 /* WebAPISimplifiedAlbumObject.swift */; };
		470201B3265B55F30030ECA9 /* WebAPISimplifiedArtistObject.swift in Sources */ = {isa = PBXBuildFile; fileRef = 470201B2265B55F30030ECA9 /* WebAPISimplifiedArtistObject.swift */; };
		470201B5265B56350030ECA9 /* WebAPIImageObject.swift in Sources */ = {isa = PBXBuildFile; fileRef = 470201B4265B56350030ECA9 /* WebAPIImageObject.swift */; };
		470201B7265B56860030ECA9 /* WebAPIArtistObject.swift in Sources */ = {isa = PBXBuildFile; fileRef = 470201B6265B56860030ECA9 /* WebAPIArtistObject.swift */; };
		470201BB265B7C190030ECA9 /* PlayerStateProtocol.swift in Sources */ = {isa = PBXBuildFile; fileRef = 470201BA265B7C190030ECA9 /* PlayerStateProtocol.swift */; };
		470201BD265B80970030ECA9 /* FakePlayerViewModel.swift in Sources */ = {isa = PBXBuildFile; fileRef = 470201BC265B80970030ECA9 /* FakePlayerViewModel.swift */; };
		470201BF265BB4320030ECA9 /* PreviousTrackButton.swift in Sources */ = {isa = PBXBuildFile; fileRef = 470201BE265BB4320030ECA9 /* PreviousTrackButton.swift */; };
		470201C1265BB43C0030ECA9 /* NextTrackButton.swift in Sources */ = {isa = PBXBuildFile; fileRef = 470201C0265BB43C0030ECA9 /* NextTrackButton.swift */; };
		470201C3265CF29B0030ECA9 /* NowPlaying.swift in Sources */ = {isa = PBXBuildFile; fileRef = 470201C2265CF29B0030ECA9 /* NowPlaying.swift */; };
		470201C6265CF4560030ECA9 /* SDWebImageSwiftUI in Frameworks */ = {isa = PBXBuildFile; productRef = 470201C5265CF4560030ECA9 /* SDWebImageSwiftUI */; };
		470201C8265CF8D90030ECA9 /* PlayerControls.swift in Sources */ = {isa = PBXBuildFile; fileRef = 470201C7265CF8D90030ECA9 /* PlayerControls.swift */; };
		470201CA265CF9380030ECA9 /* ShuffleButton.swift in Sources */ = {isa = PBXBuildFile; fileRef = 470201C9265CF9380030ECA9 /* ShuffleButton.swift */; };
		470201CC265CF9610030ECA9 /* RepeatButton.swift in Sources */ = {isa = PBXBuildFile; fileRef = 470201CB265CF9610030ECA9 /* RepeatButton.swift */; };
		470201CE265DE8720030ECA9 /* TrackProgressSlider.swift in Sources */ = {isa = PBXBuildFile; fileRef = 470201CD265DE8720030ECA9 /* TrackProgressSlider.swift */; };
		4730614E265656ED001E3A1F /* SpottieApp.swift in Sources */ = {isa = PBXBuildFile; fileRef = 4730614D265656ED001E3A1F /* SpottieApp.swift */; };
		47306150265656ED001E3A1F /* ContentView.swift in Sources */ = {isa = PBXBuildFile; fileRef = 4730614F265656ED001E3A1F /* ContentView.swift */; };
		47306152265656EF001E3A1F /* Assets.xcassets in Resources */ = {isa = PBXBuildFile; fileRef = 47306151265656EF001E3A1F /* Assets.xcassets */; };
		47306155265656EF001E3A1F /* Preview Assets.xcassets in Resources */ = {isa = PBXBuildFile; fileRef = 47306154265656EF001E3A1F /* Preview Assets.xcassets */; };
		4730615F2656573B001E3A1F /* Sidebar.swift in Sources */ = {isa = PBXBuildFile; fileRef = 4730615E2656573B001E3A1F /* Sidebar.swift */; };
		473061612656580F001E3A1F /* Home.swift in Sources */ = {isa = PBXBuildFile; fileRef = 473061602656580F001E3A1F /* Home.swift */; };
		4730616326565828001E3A1F /* Search.swift in Sources */ = {isa = PBXBuildFile; fileRef = 4730616226565828001E3A1F /* Search.swift */; };
		4730616526565841001E3A1F /* Library.swift in Sources */ = {isa = PBXBuildFile; fileRef = 4730616426565841001E3A1F /* Library.swift */; };
		4730616826565B03001E3A1F /* PlayPauseButton.swift in Sources */ = {isa = PBXBuildFile; fileRef = 4730616726565B03001E3A1F /* PlayPauseButton.swift */; };
		4730616A26565BB7001E3A1F /* BottomBar.swift in Sources */ = {isa = PBXBuildFile; fileRef = 4730616926565BB7001E3A1F /* BottomBar.swift */; };
		4730616D26565ED1001E3A1F /* HTTPClient.swift in Sources */ = {isa = PBXBuildFile; fileRef = 4730616C26565ED1001E3A1F /* HTTPClient.swift */; };
		4730616F26566076001E3A1F /* SpotifyAPI.swift in Sources */ = {isa = PBXBuildFile; fileRef = 4730616E26566076001E3A1F /* SpotifyAPI.swift */; };
		473061722656629F001E3A1F /* Nothing.swift in Sources */ = {isa = PBXBuildFile; fileRef = 473061712656629F001E3A1F /* Nothing.swift */; };
		4730617426587EF6001E3A1F /* WebsocketClient.swift in Sources */ = {isa = PBXBuildFile; fileRef = 4730617326587EF6001E3A1F /* WebsocketClient.swift */; };
		4730617726588C51001E3A1F /* PlayerViewModel.swift in Sources */ = {isa = PBXBuildFile; fileRef = 4730617626588C51001E3A1F /* PlayerViewModel.swift */; };
		473061792658A02E001E3A1F /* SpotifyEvent.swift in Sources */ = {isa = PBXBuildFile; fileRef = 473061782658A02E001E3A1F /* SpotifyEvent.swift */; };
		4730617B265903A6001E3A1F /* EventBroker.swift in Sources */ = {isa = PBXBuildFile; fileRef = 4730617A265903A6001E3A1F /* EventBroker.swift */; };
		4730618326590931001E3A1F /* TrackObject.swift in Sources */ = {isa = PBXBuildFile; fileRef = 4730618226590931001E3A1F /* TrackObject.swift */; };
		473061852659164E001E3A1F /* AlbumObject.swift in Sources */ = {isa = PBXBuildFile; fileRef = 473061842659164E001E3A1F /* AlbumObject.swift */; };
		4730618726591DF7001E3A1F /* ArtistObject.swift in Sources */ = {isa = PBXBuildFile; fileRef = 4730618626591DF7001E3A1F /* ArtistObject.swift */; };
		4730618926591E16001E3A1F /* DateObject.swift in Sources */ = {isa = PBXBuildFile; fileRef = 4730618826591E16001E3A1F /* DateObject.swift */; };
		4730618B26591E36001E3A1F /* CoverGroupObject.swift in Sources */ = {isa = PBXBuildFile; fileRef = 4730618A26591E36001E3A1F /* CoverGroupObject.swift */; };
		4730618D26591E50001E3A1F /* ImageObject.swift in Sources */ = {isa = PBXBuildFile; fileRef = 4730618C26591E50001E3A1F /* ImageObject.swift */; };
		4730618F26591E9C001E3A1F /* ContextChangedEvent.swift in Sources */ = {isa = PBXBuildFile; fileRef = 4730618E26591E9C001E3A1F /* ContextChangedEvent.swift */; };
		4730619326591EE1001E3A1F /* TrackChangedEvent.swift in Sources */ = {isa = PBXBuildFile; fileRef = 4730619226591EE1001E3A1F /* TrackChangedEvent.swift */; };
		4730619526591EF9001E3A1F /* PlaybackResumedEvent.swift in Sources */ = {isa = PBXBuildFile; fileRef = 4730619426591EF9001E3A1F /* PlaybackResumedEvent.swift */; };
		4730619726591F14001E3A1F /* MetadataAvailableEvent.swift in Sources */ = {isa = PBXBuildFile; fileRef = 4730619626591F14001E3A1F /* MetadataAvailableEvent.swift */; };
		4730619926591F92001E3A1F /* VolumeChangedEvent.swift in Sources */ = {isa = PBXBuildFile; fileRef = 4730619826591F92001E3A1F /* VolumeChangedEvent.swift */; };
		4730619B26591FFC001E3A1F /* TrackSeekedEvent.swift in Sources */ = {isa = PBXBuildFile; fileRef = 4730619A26591FFC001E3A1F /* TrackSeekedEvent.swift */; };
		4730619D26592023001E3A1F /* PlaybackPausedEvent.swift in Sources */ = {isa = PBXBuildFile; fileRef = 4730619C26592023001E3A1F /* PlaybackPausedEvent.swift */; };
		4730619F26592046001E3A1F /* InactiveSessionEvent.swift in Sources */ = {isa = PBXBuildFile; fileRef = 4730619E26592046001E3A1F /* InactiveSessionEvent.swift */; };
		473061A12659218F001E3A1F /* SpottieError.swift in Sources */ = {isa = PBXBuildFile; fileRef = 473061A02659218F001E3A1F /* SpottieError.swift */; };
		473061A42659FFF5001E3A1F /* CurrentlyPlayingContextObject.swift in Sources */ = {isa = PBXBuildFile; fileRef = 473061A32659FFF5001E3A1F /* CurrentlyPlayingContextObject.swift */; };
		473061A6265B4A10001E3A1F /* WebAPITrackObject.swift in Sources */ = {isa = PBXBuildFile; fileRef = 473061A5265B4A10001E3A1F /* WebAPITrackObject.swift */; };
		474BAFB8266876030006EB16 /* VolumeSlider.swift in Sources */ = {isa = PBXBuildFile; fileRef = 474BAFB7266876030006EB16 /* VolumeSlider.swift */; };
		474BAFBA26687AB60006EB16 /* WebAPIDeviceObject.swift in Sources */ = {isa = PBXBuildFile; fileRef = 474BAFB926687AB60006EB16 /* WebAPIDeviceObject.swift */; };
		474BAFBC2668B0170006EB16 /* RepeatMode.swift in Sources */ = {isa = PBXBuildFile; fileRef = 474BAFBB2668B0170006EB16 /* RepeatMode.swift */; };
		474BAFC1266B84CD0006EB16 /* CarouselRow.swift in Sources */ = {isa = PBXBuildFile; fileRef = 474BAFC0266B84CD0006EB16 /* CarouselRow.swift */; };
		474BAFC3266B85440006EB16 /* CarouselRowItem.swift in Sources */ = {isa = PBXBuildFile; fileRef = 474BAFC2266B85440006EB16 /* CarouselRowItem.swift */; };
		475798C1266E2DD700AADF2F /* RecommendationGroup.swift in Sources */ = {isa = PBXBuildFile; fileRef = 475798C0266E2DD700AADF2F /* RecommendationGroup.swift */; };
		475798C3266E309A00AADF2F /* RecommendationItem.swift in Sources */ = {isa = PBXBuildFile; fileRef = 475798C2266E309A00AADF2F /* RecommendationItem.swift */; };
		475798C5266E348200AADF2F /* RecommendationLink.swift in Sources */ = {isa = PBXBuildFile; fileRef = 475798C4266E348200AADF2F /* RecommendationLink.swift */; };
		475798CD266F0F7F00AADF2F /* WebAPIPlaylistObject.swift in Sources */ = {isa = PBXBuildFile; fileRef = 475798CC266F0F7F00AADF2F /* WebAPIPlaylistObject.swift */; };
		475798CF266F101600AADF2F /* WebAPIPublicUserObject.swift in Sources */ = {isa = PBXBuildFile; fileRef = 475798CE266F101600AADF2F /* WebAPIPublicUserObject.swift */; };
		475798D1266F103100AADF2F /* WebAPIPlaylistTrackObject.swift in Sources */ = {isa = PBXBuildFile; fileRef = 475798D0266F103100AADF2F /* WebAPIPlaylistTrackObject.swift */; };
		475798D3266F12EB00AADF2F /* RecommendationsResponse.swift in Sources */ = {isa = PBXBuildFile; fileRef = 475798D2266F12EB00AADF2F /* RecommendationsResponse.swift */; };
		475798D5266F1B9B00AADF2F /* WebAPIPlaylistTracksRefObject.swift in Sources */ = {isa = PBXBuildFile; fileRef = 475798D4266F1B9B00AADF2F /* WebAPIPlaylistTracksRefObject.swift */; };
		475EE242267C9306007BEBDC /* ShortcutGrid.swift in Sources */ = {isa = PBXBuildFile; fileRef = 475EE241267C9306007BEBDC /* ShortcutGrid.swift */; };
		475EE244267D6659007BEBDC /* ShortcutItem.swift in Sources */ = {isa = PBXBuildFile; fileRef = 475EE243267D6659007BEBDC /* ShortcutItem.swift */; };
		475EE248267D7784007BEBDC /* SearchField.swift in Sources */ = {isa = PBXBuildFile; fileRef = 475EE247267D7784007BEBDC /* SearchField.swift */; };
		475EE24A267DA451007BEBDC /* GreenPlayButton.swift in Sources */ = {isa = PBXBuildFile; fileRef = 475EE249267DA451007BEBDC /* GreenPlayButton.swift */; };
		475EE24C267EBDE7007BEBDC /* SearchResultsResponse.swift in Sources */ = {isa = PBXBuildFile; fileRef = 475EE24B267EBDE7007BEBDC /* SearchResultsResponse.swift */; };
		475EE24F267EBFEA007BEBDC /* WebAPIPagingObject.swift in Sources */ = {isa = PBXBuildFile; fileRef = 475EE24E267EBFEA007BEBDC /* WebAPIPagingObject.swift */; };
		47C56F602679A789003EA20A /* PlayerCommands.swift in Sources */ = {isa = PBXBuildFile; fileRef = 47C56F5F2679A789003EA20A /* PlayerCommands.swift */; };
/* End PBXBuildFile section */

/* Begin PBXFileReference section */
		470201B0265B54720030ECA9 /* WebAPISimplifiedAlbumObject.swift */ = {isa = PBXFileReference; lastKnownFileType = sourcecode.swift; path = WebAPISimplifiedAlbumObject.swift; sourceTree = "<group>"; };
		470201B2265B55F30030ECA9 /* WebAPISimplifiedArtistObject.swift */ = {isa = PBXFileReference; lastKnownFileType = sourcecode.swift; path = WebAPISimplifiedArtistObject.swift; sourceTree = "<group>"; };
		470201B4265B56350030ECA9 /* WebAPIImageObject.swift */ = {isa = PBXFileReference; lastKnownFileType = sourcecode.swift; path = WebAPIImageObject.swift; sourceTree = "<group>"; };
		470201B6265B56860030ECA9 /* WebAPIArtistObject.swift */ = {isa = PBXFileReference; lastKnownFileType = sourcecode.swift; path = WebAPIArtistObject.swift; sourceTree = "<group>"; };
		470201BA265B7C190030ECA9 /* PlayerStateProtocol.swift */ = {isa = PBXFileReference; lastKnownFileType = sourcecode.swift; path = PlayerStateProtocol.swift; sourceTree = "<group>"; };
		470201BC265B80970030ECA9 /* FakePlayerViewModel.swift */ = {isa = PBXFileReference; lastKnownFileType = sourcecode.swift; path = FakePlayerViewModel.swift; sourceTree = "<group>"; };
		470201BE265BB4320030ECA9 /* PreviousTrackButton.swift */ = {isa = PBXFileReference; lastKnownFileType = sourcecode.swift; path = PreviousTrackButton.swift; sourceTree = "<group>"; };
		470201C0265BB43C0030ECA9 /* NextTrackButton.swift */ = {isa = PBXFileReference; lastKnownFileType = sourcecode.swift; path = NextTrackButton.swift; sourceTree = "<group>"; };
		470201C2265CF29B0030ECA9 /* NowPlaying.swift */ = {isa = PBXFileReference; lastKnownFileType = sourcecode.swift; path = NowPlaying.swift; sourceTree = "<group>"; };
		470201C7265CF8D90030ECA9 /* PlayerControls.swift */ = {isa = PBXFileReference; lastKnownFileType = sourcecode.swift; path = PlayerControls.swift; sourceTree = "<group>"; };
		470201C9265CF9380030ECA9 /* ShuffleButton.swift */ = {isa = PBXFileReference; lastKnownFileType = sourcecode.swift; path = ShuffleButton.swift; sourceTree = "<group>"; };
		470201CB265CF9610030ECA9 /* RepeatButton.swift */ = {isa = PBXFileReference; lastKnownFileType = sourcecode.swift; path = RepeatButton.swift; sourceTree = "<group>"; };
		470201CD265DE8720030ECA9 /* TrackProgressSlider.swift */ = {isa = PBXFileReference; lastKnownFileType = sourcecode.swift; path = TrackProgressSlider.swift; sourceTree = "<group>"; };
		4730614A265656ED001E3A1F /* Spottie.app */ = {isa = PBXFileReference; explicitFileType = wrapper.application; includeInIndex = 0; path = Spottie.app; sourceTree = BUILT_PRODUCTS_DIR; };
		4730614D265656ED001E3A1F /* SpottieApp.swift */ = {isa = PBXFileReference; lastKnownFileType = sourcecode.swift; path = SpottieApp.swift; sourceTree = "<group>"; };
		4730614F265656ED001E3A1F /* ContentView.swift */ = {isa = PBXFileReference; lastKnownFileType = sourcecode.swift; path = ContentView.swift; sourceTree = "<group>"; };
		47306151265656EF001E3A1F /* Assets.xcassets */ = {isa = PBXFileReference; lastKnownFileType = folder.assetcatalog; path = Assets.xcassets; sourceTree = "<group>"; };
		47306154265656EF001E3A1F /* Preview Assets.xcassets */ = {isa = PBXFileReference; lastKnownFileType = folder.assetcatalog; path = "Preview Assets.xcassets"; sourceTree = "<group>"; };
		47306156265656EF001E3A1F /* Info.plist */ = {isa = PBXFileReference; lastKnownFileType = text.plist.xml; path = Info.plist; sourceTree = "<group>"; };
		47306157265656EF001E3A1F /* Spottie.entitlements */ = {isa = PBXFileReference; lastKnownFileType = text.plist.entitlements; path = Spottie.entitlements; sourceTree = "<group>"; };
		4730615E2656573B001E3A1F /* Sidebar.swift */ = {isa = PBXFileReference; lastKnownFileType = sourcecode.swift; path = Sidebar.swift; sourceTree = "<group>"; };
		473061602656580F001E3A1F /* Home.swift */ = {isa = PBXFileReference; lastKnownFileType = sourcecode.swift; path = Home.swift; sourceTree = "<group>"; };
		4730616226565828001E3A1F /* Search.swift */ = {isa = PBXFileReference; lastKnownFileType = sourcecode.swift; path = Search.swift; sourceTree = "<group>"; };
		4730616426565841001E3A1F /* Library.swift */ = {isa = PBXFileReference; lastKnownFileType = sourcecode.swift; path = Library.swift; sourceTree = "<group>"; };
		4730616726565B03001E3A1F /* PlayPauseButton.swift */ = {isa = PBXFileReference; lastKnownFileType = sourcecode.swift; path = PlayPauseButton.swift; sourceTree = "<group>"; };
		4730616926565BB7001E3A1F /* BottomBar.swift */ = {isa = PBXFileReference; lastKnownFileType = sourcecode.swift; path = BottomBar.swift; sourceTree = "<group>"; };
		4730616C26565ED1001E3A1F /* HTTPClient.swift */ = {isa = PBXFileReference; lastKnownFileType = sourcecode.swift; path = HTTPClient.swift; sourceTree = "<group>"; };
		4730616E26566076001E3A1F /* SpotifyAPI.swift */ = {isa = PBXFileReference; lastKnownFileType = sourcecode.swift; path = SpotifyAPI.swift; sourceTree = "<group>"; };
		473061712656629F001E3A1F /* Nothing.swift */ = {isa = PBXFileReference; lastKnownFileType = sourcecode.swift; path = Nothing.swift; sourceTree = "<group>"; };
		4730617326587EF6001E3A1F /* WebsocketClient.swift */ = {isa = PBXFileReference; lastKnownFileType = sourcecode.swift; path = WebsocketClient.swift; sourceTree = "<group>"; };
		4730617626588C51001E3A1F /* PlayerViewModel.swift */ = {isa = PBXFileReference; lastKnownFileType = sourcecode.swift; path = PlayerViewModel.swift; sourceTree = "<group>"; };
		473061782658A02E001E3A1F /* SpotifyEvent.swift */ = {isa = PBXFileReference; lastKnownFileType = sourcecode.swift; path = SpotifyEvent.swift; sourceTree = "<group>"; };
		4730617A265903A6001E3A1F /* EventBroker.swift */ = {isa = PBXFileReference; lastKnownFileType = sourcecode.swift; path = EventBroker.swift; sourceTree = "<group>"; };
		4730618226590931001E3A1F /* TrackObject.swift */ = {isa = PBXFileReference; lastKnownFileType = sourcecode.swift; path = TrackObject.swift; sourceTree = "<group>"; };
		473061842659164E001E3A1F /* AlbumObject.swift */ = {isa = PBXFileReference; lastKnownFileType = sourcecode.swift; path = AlbumObject.swift; sourceTree = "<group>"; };
		4730618626591DF7001E3A1F /* ArtistObject.swift */ = {isa = PBXFileReference; lastKnownFileType = sourcecode.swift; path = ArtistObject.swift; sourceTree = "<group>"; };
		4730618826591E16001E3A1F /* DateObject.swift */ = {isa = PBXFileReference; lastKnownFileType = sourcecode.swift; path = DateObject.swift; sourceTree = "<group>"; };
		4730618A26591E36001E3A1F /* CoverGroupObject.swift */ = {isa = PBXFileReference; lastKnownFileType = sourcecode.swift; path = CoverGroupObject.swift; sourceTree = "<group>"; };
		4730618C26591E50001E3A1F /* ImageObject.swift */ = {isa = PBXFileReference; lastKnownFileType = sourcecode.swift; path = ImageObject.swift; sourceTree = "<group>"; };
		4730618E26591E9C001E3A1F /* ContextChangedEvent.swift */ = {isa = PBXFileReference; lastKnownFileType = sourcecode.swift; path = ContextChangedEvent.swift; sourceTree = "<group>"; };
		4730619226591EE1001E3A1F /* TrackChangedEvent.swift */ = {isa = PBXFileReference; lastKnownFileType = sourcecode.swift; path = TrackChangedEvent.swift; sourceTree = "<group>"; };
		4730619426591EF9001E3A1F /* PlaybackResumedEvent.swift */ = {isa = PBXFileReference; lastKnownFileType = sourcecode.swift; path = PlaybackResumedEvent.swift; sourceTree = "<group>"; };
		4730619626591F14001E3A1F /* MetadataAvailableEvent.swift */ = {isa = PBXFileReference; lastKnownFileType = sourcecode.swift; path = MetadataAvailableEvent.swift; sourceTree = "<group>"; };
		4730619826591F92001E3A1F /* VolumeChangedEvent.swift */ = {isa = PBXFileReference; lastKnownFileType = sourcecode.swift; path = VolumeChangedEvent.swift; sourceTree = "<group>"; };
		4730619A26591FFC001E3A1F /* TrackSeekedEvent.swift */ = {isa = PBXFileReference; lastKnownFileType = sourcecode.swift; path = TrackSeekedEvent.swift; sourceTree = "<group>"; };
		4730619C26592023001E3A1F /* PlaybackPausedEvent.swift */ = {isa = PBXFileReference; lastKnownFileType = sourcecode.swift; path = PlaybackPausedEvent.swift; sourceTree = "<group>"; };
		4730619E26592046001E3A1F /* InactiveSessionEvent.swift */ = {isa = PBXFileReference; lastKnownFileType = sourcecode.swift; path = InactiveSessionEvent.swift; sourceTree = "<group>"; };
		473061A02659218F001E3A1F /* SpottieError.swift */ = {isa = PBXFileReference; lastKnownFileType = sourcecode.swift; path = SpottieError.swift; sourceTree = "<group>"; };
		473061A32659FFF5001E3A1F /* CurrentlyPlayingContextObject.swift */ = {isa = PBXFileReference; lastKnownFileType = sourcecode.swift; path = CurrentlyPlayingContextObject.swift; sourceTree = "<group>"; };
		473061A5265B4A10001E3A1F /* WebAPITrackObject.swift */ = {isa = PBXFileReference; lastKnownFileType = sourcecode.swift; path = WebAPITrackObject.swift; sourceTree = "<group>"; };
		474BAFB7266876030006EB16 /* VolumeSlider.swift */ = {isa = PBXFileReference; lastKnownFileType = sourcecode.swift; path = VolumeSlider.swift; sourceTree = "<group>"; };
		474BAFB926687AB60006EB16 /* WebAPIDeviceObject.swift */ = {isa = PBXFileReference; lastKnownFileType = sourcecode.swift; path = WebAPIDeviceObject.swift; sourceTree = "<group>"; };
		474BAFBB2668B0170006EB16 /* RepeatMode.swift */ = {isa = PBXFileReference; lastKnownFileType = sourcecode.swift; path = RepeatMode.swift; sourceTree = "<group>"; };
		474BAFC0266B84CD0006EB16 /* CarouselRow.swift */ = {isa = PBXFileReference; lastKnownFileType = sourcecode.swift; path = CarouselRow.swift; sourceTree = "<group>"; };
		474BAFC2266B85440006EB16 /* CarouselRowItem.swift */ = {isa = PBXFileReference; lastKnownFileType = sourcecode.swift; path = CarouselRowItem.swift; sourceTree = "<group>"; };
		475798C0266E2DD700AADF2F /* RecommendationGroup.swift */ = {isa = PBXFileReference; lastKnownFileType = sourcecode.swift; path = RecommendationGroup.swift; sourceTree = "<group>"; };
		475798C2266E309A00AADF2F /* RecommendationItem.swift */ = {isa = PBXFileReference; lastKnownFileType = sourcecode.swift; path = RecommendationItem.swift; sourceTree = "<group>"; };
		475798C4266E348200AADF2F /* RecommendationLink.swift */ = {isa = PBXFileReference; lastKnownFileType = sourcecode.swift; path = RecommendationLink.swift; sourceTree = "<group>"; };
		475798CC266F0F7F00AADF2F /* WebAPIPlaylistObject.swift */ = {isa = PBXFileReference; lastKnownFileType = sourcecode.swift; path = WebAPIPlaylistObject.swift; sourceTree = "<group>"; };
		475798CE266F101600AADF2F /* WebAPIPublicUserObject.swift */ = {isa = PBXFileReference; lastKnownFileType = sourcecode.swift; path = WebAPIPublicUserObject.swift; sourceTree = "<group>"; };
		475798D0266F103100AADF2F /* WebAPIPlaylistTrackObject.swift */ = {isa = PBXFileReference; lastKnownFileType = sourcecode.swift; path = WebAPIPlaylistTrackObject.swift; sourceTree = "<group>"; };
		475798D2266F12EB00AADF2F /* RecommendationsResponse.swift */ = {isa = PBXFileReference; lastKnownFileType = sourcecode.swift; path = RecommendationsResponse.swift; sourceTree = "<group>"; };
		475798D4266F1B9B00AADF2F /* WebAPIPlaylistTracksRefObject.swift */ = {isa = PBXFileReference; lastKnownFileType = sourcecode.swift; path = WebAPIPlaylistTracksRefObject.swift; sourceTree = "<group>"; };
		475EE241267C9306007BEBDC /* ShortcutGrid.swift */ = {isa = PBXFileReference; lastKnownFileType = sourcecode.swift; path = ShortcutGrid.swift; sourceTree = "<group>"; };
		475EE243267D6659007BEBDC /* ShortcutItem.swift */ = {isa = PBXFileReference; lastKnownFileType = sourcecode.swift; path = ShortcutItem.swift; sourceTree = "<group>"; };
		475EE247267D7784007BEBDC /* SearchField.swift */ = {isa = PBXFileReference; lastKnownFileType = sourcecode.swift; path = SearchField.swift; sourceTree = "<group>"; };
		475EE249267DA451007BEBDC /* GreenPlayButton.swift */ = {isa = PBXFileReference; lastKnownFileType = sourcecode.swift; path = GreenPlayButton.swift; sourceTree = "<group>"; };
		475EE24B267EBDE7007BEBDC /* SearchResultsResponse.swift */ = {isa = PBXFileReference; lastKnownFileType = sourcecode.swift; path = SearchResultsResponse.swift; sourceTree = "<group>"; };
		475EE24E267EBFEA007BEBDC /* WebAPIPagingObject.swift */ = {isa = PBXFileReference; lastKnownFileType = sourcecode.swift; path = WebAPIPagingObject.swift; sourceTree = "<group>"; };
		47C56F5F2679A789003EA20A /* PlayerCommands.swift */ = {isa = PBXFileReference; lastKnownFileType = sourcecode.swift; path = PlayerCommands.swift; sourceTree = "<group>"; };
/* End PBXFileReference section */

/* Begin PBXFrameworksBuildPhase section */
		47306147265656ED001E3A1F /* Frameworks */ = {
			isa = PBXFrameworksBuildPhase;
			buildActionMask = 2147483647;
			files = (
				470201C6265CF4560030ECA9 /* SDWebImageSwiftUI in Frameworks */,
			);
			runOnlyForDeploymentPostprocessing = 0;
		};
/* End PBXFrameworksBuildPhase section */

/* Begin PBXGroup section */
		47306141265656ED001E3A1F = {
			isa = PBXGroup;
			children = (
				4730614C265656ED001E3A1F /* Spottie */,
				4730614B265656ED001E3A1F /* Products */,
			);
			sourceTree = "<group>";
		};
		4730614B265656ED001E3A1F /* Products */ = {
			isa = PBXGroup;
			children = (
				4730614A265656ED001E3A1F /* Spottie.app */,
			);
			name = Products;
			sourceTree = "<group>";
		};
		4730614C265656ED001E3A1F /* Spottie */ = {
			isa = PBXGroup;
			children = (
				4730616B26565EB8001E3A1F /* Backend */,
				4730617526588C40001E3A1F /* ViewModels */,
				4730615D26565706001E3A1F /* Views */,
				47C56F5E2679A779003EA20A /* Commands */,
				4730614D265656ED001E3A1F /* SpottieApp.swift */,
				47306151265656EF001E3A1F /* Assets.xcassets */,
				47306156265656EF001E3A1F /* Info.plist */,
				47306157265656EF001E3A1F /* Spottie.entitlements */,
				47306153265656EF001E3A1F /* Preview Content */,
			);
			path = Spottie;
			sourceTree = "<group>";
		};
		47306153265656EF001E3A1F /* Preview Content */ = {
			isa = PBXGroup;
			children = (
				47306154265656EF001E3A1F /* Preview Assets.xcassets */,
			);
			path = "Preview Content";
			sourceTree = "<group>";
		};
		4730615D26565706001E3A1F /* Views */ = {
			isa = PBXGroup;
			children = (
				475EE240267C92EC007BEBDC /* Components */,
				4730616626565AF8001E3A1F /* BottomBar */,
				4730614F265656ED001E3A1F /* ContentView.swift */,
				4730615E2656573B001E3A1F /* Sidebar.swift */,
				473061602656580F001E3A1F /* Home.swift */,
				4730616226565828001E3A1F /* Search.swift */,
				4730616426565841001E3A1F /* Library.swift */,
			);
			path = Views;
			sourceTree = "<group>";
		};
		4730616626565AF8001E3A1F /* BottomBar */ = {
			isa = PBXGroup;
			children = (
				4730616926565BB7001E3A1F /* BottomBar.swift */,
				470201C9265CF9380030ECA9 /* ShuffleButton.swift */,
				4730616726565B03001E3A1F /* PlayPauseButton.swift */,
				470201BE265BB4320030ECA9 /* PreviousTrackButton.swift */,
				470201C0265BB43C0030ECA9 /* NextTrackButton.swift */,
				470201CB265CF9610030ECA9 /* RepeatButton.swift */,
				470201C2265CF29B0030ECA9 /* NowPlaying.swift */,
				470201C7265CF8D90030ECA9 /* PlayerControls.swift */,
				470201CD265DE8720030ECA9 /* TrackProgressSlider.swift */,
				474BAFB7266876030006EB16 /* VolumeSlider.swift */,
			);
			path = BottomBar;
			sourceTree = "<group>";
		};
		4730616B26565EB8001E3A1F /* Backend */ = {
			isa = PBXGroup;
			children = (
				4730617026566280001E3A1F /* Types */,
				4730616C26565ED1001E3A1F /* HTTPClient.swift */,
				4730617326587EF6001E3A1F /* WebsocketClient.swift */,
				4730616E26566076001E3A1F /* SpotifyAPI.swift */,
				4730617A265903A6001E3A1F /* EventBroker.swift */,
			);
			path = Backend;
			sourceTree = "<group>";
		};
		4730617026566280001E3A1F /* Types */ = {
			isa = PBXGroup;
			children = (
				4730619126591EAC001E3A1F /* Base */,
				475EE24D267EBFD2007BEBDC /* WebAPI */,
				4730619026591EA6001E3A1F /* Events */,
				473061A22659FFDD001E3A1F /* API */,
				473061712656629F001E3A1F /* Nothing.swift */,
				473061782658A02E001E3A1F /* SpotifyEvent.swift */,
				473061A02659218F001E3A1F /* SpottieError.swift */,
			);
			path = Types;
			sourceTree = "<group>";
		};
		4730617526588C40001E3A1F /* ViewModels */ = {
			isa = PBXGroup;
			children = (
				470201BA265B7C190030ECA9 /* PlayerStateProtocol.swift */,
				4730617626588C51001E3A1F /* PlayerViewModel.swift */,
				470201BC265B80970030ECA9 /* FakePlayerViewModel.swift */,
			);
			path = ViewModels;
			sourceTree = "<group>";
		};
		4730619026591EA6001E3A1F /* Events */ = {
			isa = PBXGroup;
			children = (
				4730618E26591E9C001E3A1F /* ContextChangedEvent.swift */,
				4730619226591EE1001E3A1F /* TrackChangedEvent.swift */,
				4730619426591EF9001E3A1F /* PlaybackResumedEvent.swift */,
				4730619626591F14001E3A1F /* MetadataAvailableEvent.swift */,
				4730619826591F92001E3A1F /* VolumeChangedEvent.swift */,
				4730619A26591FFC001E3A1F /* TrackSeekedEvent.swift */,
				4730619C26592023001E3A1F /* PlaybackPausedEvent.swift */,
				4730619E26592046001E3A1F /* InactiveSessionEvent.swift */,
			);
			path = Events;
			sourceTree = "<group>";
		};
		4730619126591EAC001E3A1F /* Base */ = {
			isa = PBXGroup;
			children = (
				4730618226590931001E3A1F /* TrackObject.swift */,
				473061842659164E001E3A1F /* AlbumObject.swift */,
				4730618626591DF7001E3A1F /* ArtistObject.swift */,
				4730618826591E16001E3A1F /* DateObject.swift */,
				4730618A26591E36001E3A1F /* CoverGroupObject.swift */,
				4730618C26591E50001E3A1F /* ImageObject.swift */,
				474BAFBB2668B0170006EB16 /* RepeatMode.swift */,
			);
			path = Base;
			sourceTree = "<group>";
		};
		473061A22659FFDD001E3A1F /* API */ = {
			isa = PBXGroup;
			children = (
				473061A32659FFF5001E3A1F /* CurrentlyPlayingContextObject.swift */,
				475798C0266E2DD700AADF2F /* RecommendationGroup.swift */,
				475798C2266E309A00AADF2F /* RecommendationItem.swift */,
				475798C4266E348200AADF2F /* RecommendationLink.swift */,
				475798D2266F12EB00AADF2F /* RecommendationsResponse.swift */,
				475EE24B267EBDE7007BEBDC /* SearchResultsResponse.swift */,
			);
			path = API;
			sourceTree = "<group>";
		};
		475EE240267C92EC007BEBDC /* Components */ = {
			isa = PBXGroup;
			children = (
				474BAFC0266B84CD0006EB16 /* CarouselRow.swift */,
				474BAFC2266B85440006EB16 /* CarouselRowItem.swift */,
				475EE241267C9306007BEBDC /* ShortcutGrid.swift */,
				475EE243267D6659007BEBDC /* ShortcutItem.swift */,
				475EE247267D7784007BEBDC /* SearchField.swift */,
				475EE249267DA451007BEBDC /* GreenPlayButton.swift */,
			);
			path = Components;
			sourceTree = "<group>";
		};
		475EE24D267EBFD2007BEBDC /* WebAPI */ = {
			isa = PBXGroup;
			children = (
				473061A5265B4A10001E3A1F /* WebAPITrackObject.swift */,
				470201B0265B54720030ECA9 /* WebAPISimplifiedAlbumObject.swift */,
				470201B2265B55F30030ECA9 /* WebAPISimplifiedArtistObject.swift */,
				470201B4265B56350030ECA9 /* WebAPIImageObject.swift */,
				470201B6265B56860030ECA9 /* WebAPIArtistObject.swift */,
				474BAFB926687AB60006EB16 /* WebAPIDeviceObject.swift */,
				475798CC266F0F7F00AADF2F /* WebAPIPlaylistObject.swift */,
				475798CE266F101600AADF2F /* WebAPIPublicUserObject.swift */,
				475798D0266F103100AADF2F /* WebAPIPlaylistTrackObject.swift */,
				475798D4266F1B9B00AADF2F /* WebAPIPlaylistTracksRefObject.swift */,
				475EE24E267EBFEA007BEBDC /* WebAPIPagingObject.swift */,
			);
			path = WebAPI;
			sourceTree = "<group>";
		};
		47C56F5E2679A779003EA20A /* Commands */ = {
			isa = PBXGroup;
			children = (
				47C56F5F2679A789003EA20A /* PlayerCommands.swift */,
			);
			path = Commands;
			sourceTree = "<group>";
		};
/* End PBXGroup section */

/* Begin PBXNativeTarget section */
		47306149265656ED001E3A1F /* Spottie */ = {
			isa = PBXNativeTarget;
			buildConfigurationList = 4730615A265656EF001E3A1F /* Build configuration list for PBXNativeTarget "Spottie" */;
			buildPhases = (
				47306146265656ED001E3A1F /* Sources */,
				47306147265656ED001E3A1F /* Frameworks */,
				47306148265656ED001E3A1F /* Resources */,
			);
			buildRules = (
			);
			dependencies = (
			);
			name = Spottie;
			packageProductDependencies = (
				470201C5265CF4560030ECA9 /* SDWebImageSwiftUI */,
			);
			productName = Spottie;
			productReference = 4730614A265656ED001E3A1F /* Spottie.app */;
			productType = "com.apple.product-type.application";
		};
/* End PBXNativeTarget section */

/* Begin PBXProject section */
		47306142265656ED001E3A1F /* Project object */ = {
			isa = PBXProject;
			attributes = {
				LastSwiftUpdateCheck = 1250;
				LastUpgradeCheck = 1250;
				TargetAttributes = {
					47306149265656ED001E3A1F = {
						CreatedOnToolsVersion = 12.5;
					};
				};
			};
			buildConfigurationList = 47306145265656ED001E3A1F /* Build configuration list for PBXProject "Spottie" */;
			compatibilityVersion = "Xcode 9.3";
			developmentRegion = en;
			hasScannedForEncodings = 0;
			knownRegions = (
				en,
				Base,
			);
			mainGroup = 47306141265656ED001E3A1F;
			packageReferences = (
				470201C4265CF4560030ECA9 /* XCRemoteSwiftPackageReference "SDWebImageSwiftUI" */,
			);
			productRefGroup = 4730614B265656ED001E3A1F /* Products */;
			projectDirPath = "";
			projectRoot = "";
			targets = (
				47306149265656ED001E3A1F /* Spottie */,
			);
		};
/* End PBXProject section */

/* Begin PBXResourcesBuildPhase section */
		47306148265656ED001E3A1F /* Resources */ = {
			isa = PBXResourcesBuildPhase;
			buildActionMask = 2147483647;
			files = (
				47306155265656EF001E3A1F /* Preview Assets.xcassets in Resources */,
				47306152265656EF001E3A1F /* Assets.xcassets in Resources */,
			);
			runOnlyForDeploymentPostprocessing = 0;
		};
/* End PBXResourcesBuildPhase section */

/* Begin PBXSourcesBuildPhase section */
		47306146265656ED001E3A1F /* Sources */ = {
			isa = PBXSourcesBuildPhase;
			buildActionMask = 2147483647;
			files = (
				475798D5266F1B9B00AADF2F /* WebAPIPlaylistTracksRefObject.swift in Sources */,
				47306150265656ED001E3A1F /* ContentView.swift in Sources */,
				475EE244267D6659007BEBDC /* ShortcutItem.swift in Sources */,
				473061792658A02E001E3A1F /* SpotifyEvent.swift in Sources */,
				470201BD265B80970030ECA9 /* FakePlayerViewModel.swift in Sources */,
				4730618326590931001E3A1F /* TrackObject.swift in Sources */,
				470201BB265B7C190030ECA9 /* PlayerStateProtocol.swift in Sources */,
				475798C5266E348200AADF2F /* RecommendationLink.swift in Sources */,
				474BAFBA26687AB60006EB16 /* WebAPIDeviceObject.swift in Sources */,
				4730615F2656573B001E3A1F /* Sidebar.swift in Sources */,
				470201CC265CF9610030ECA9 /* RepeatButton.swift in Sources */,
				4730618B26591E36001E3A1F /* CoverGroupObject.swift in Sources */,
				475EE242267C9306007BEBDC /* ShortcutGrid.swift in Sources */,
				475EE24C267EBDE7007BEBDC /* SearchResultsResponse.swift in Sources */,
				4730618926591E16001E3A1F /* DateObject.swift in Sources */,
				4730616826565B03001E3A1F /* PlayPauseButton.swift in Sources */,
				4730616326565828001E3A1F /* Search.swift in Sources */,
				4730618726591DF7001E3A1F /* ArtistObject.swift in Sources */,
				470201BF265BB4320030ECA9 /* PreviousTrackButton.swift in Sources */,
				470201C3265CF29B0030ECA9 /* NowPlaying.swift in Sources */,
				475798C3266E309A00AADF2F /* RecommendationItem.swift in Sources */,
				4730616A26565BB7001E3A1F /* BottomBar.swift in Sources */,
				473061722656629F001E3A1F /* Nothing.swift in Sources */,
				474BAFBC2668B0170006EB16 /* RepeatMode.swift in Sources */,
				473061A12659218F001E3A1F /* SpottieError.swift in Sources */,
				4730616F26566076001E3A1F /* SpotifyAPI.swift in Sources */,
				473061A42659FFF5001E3A1F /* CurrentlyPlayingContextObject.swift in Sources */,
				4730616D26565ED1001E3A1F /* HTTPClient.swift in Sources */,
				4730618D26591E50001E3A1F /* ImageObject.swift in Sources */,
				470201C8265CF8D90030ECA9 /* PlayerControls.swift in Sources */,
				4730619B26591FFC001E3A1F /* TrackSeekedEvent.swift in Sources */,
				470201B1265B54720030ECA9 /* WebAPISimplifiedAlbumObject.swift in Sources */,
				470201B5265B56350030ECA9 /* WebAPIImageObject.swift in Sources */,
				47C56F602679A789003EA20A /* PlayerCommands.swift in Sources */,
				4730617426587EF6001E3A1F /* WebsocketClient.swift in Sources */,
				473061612656580F001E3A1F /* Home.swift in Sources */,
				470201C1265BB43C0030ECA9 /* NextTrackButton.swift in Sources */,
				470201CE265DE8720030ECA9 /* TrackProgressSlider.swift in Sources */,
				4730619F26592046001E3A1F /* InactiveSessionEvent.swift in Sources */,
				4730614E265656ED001E3A1F /* SpottieApp.swift in Sources */,
				4730617726588C51001E3A1F /* PlayerViewModel.swift in Sources */,
				475EE24A267DA451007BEBDC /* GreenPlayButton.swift in Sources */,
				470201B3265B55F30030ECA9 /* WebAPISimplifiedArtistObject.swift in Sources */,
				470201B7265B56860030ECA9 /* WebAPIArtistObject.swift in Sources */,
				473061A6265B4A10001E3A1F /* WebAPITrackObject.swift in Sources */,
				475798C1266E2DD700AADF2F /* RecommendationGroup.swift in Sources */,
				474BAFC3266B85440006EB16 /* CarouselRowItem.swift in Sources */,
				473061852659164E001E3A1F /* AlbumObject.swift in Sources */,
				474BAFB8266876030006EB16 /* VolumeSlider.swift in Sources */,
				4730619D26592023001E3A1F /* PlaybackPausedEvent.swift in Sources */,
				475798D3266F12EB00AADF2F /* RecommendationsResponse.swift in Sources */,
				475798D1266F103100AADF2F /* WebAPIPlaylistTrackObject.swift in Sources */,
				475798CF266F101600AADF2F /* WebAPIPublicUserObject.swift in Sources */,
				4730618F26591E9C001E3A1F /* ContextChangedEvent.swift in Sources */,
				474BAFC1266B84CD0006EB16 /* CarouselRow.swift in Sources */,
				4730616526565841001E3A1F /* Library.swift in Sources */,
				4730619926591F92001E3A1F /* VolumeChangedEvent.swift in Sources */,
				4730619726591F14001E3A1F /* MetadataAvailableEvent.swift in Sources */,
				4730617B265903A6001E3A1F /* EventBroker.swift in Sources */,
				470201CA265CF9380030ECA9 /* ShuffleButton.swift in Sources */,
				4730619326591EE1001E3A1F /* TrackChangedEvent.swift in Sources */,
				475798CD266F0F7F00AADF2F /* WebAPIPlaylistObject.swift in Sources */,
				475EE248267D7784007BEBDC /* SearchField.swift in Sources */,
				4730619526591EF9001E3A1F /* PlaybackResumedEvent.swift in Sources */,
				475EE24F267EBFEA007BEBDC /* WebAPIPagingObject.swift in Sources */,
			);
			runOnlyForDeploymentPostprocessing = 0;
		};
/* End PBXSourcesBuildPhase section */

/* Begin XCBuildConfiguration section */
		47306158265656EF001E3A1F /* Debug */ = {
			isa = XCBuildConfiguration;
			buildSettings = {
				ALWAYS_SEARCH_USER_PATHS = NO;
				CLANG_ANALYZER_NONNULL = YES;
				CLANG_ANALYZER_NUMBER_OBJECT_CONVERSION = YES_AGGRESSIVE;
				CLANG_CXX_LANGUAGE_STANDARD = "gnu++14";
				CLANG_CXX_LIBRARY = "libc++";
				CLANG_ENABLE_MODULES = YES;
				CLANG_ENABLE_OBJC_ARC = YES;
				CLANG_ENABLE_OBJC_WEAK = YES;
				CLANG_WARN_BLOCK_CAPTURE_AUTORELEASING = YES;
				CLANG_WARN_BOOL_CONVERSION = YES;
				CLANG_WARN_COMMA = YES;
				CLANG_WARN_CONSTANT_CONVERSION = YES;
				CLANG_WARN_DEPRECATED_OBJC_IMPLEMENTATIONS = YES;
				CLANG_WARN_DIRECT_OBJC_ISA_USAGE = YES_ERROR;
				CLANG_WARN_DOCUMENTATION_COMMENTS = YES;
				CLANG_WARN_EMPTY_BODY = YES;
				CLANG_WARN_ENUM_CONVERSION = YES;
				CLANG_WARN_INFINITE_RECURSION = YES;
				CLANG_WARN_INT_CONVERSION = YES;
				CLANG_WARN_NON_LITERAL_NULL_CONVERSION = YES;
				CLANG_WARN_OBJC_IMPLICIT_RETAIN_SELF = YES;
				CLANG_WARN_OBJC_LITERAL_CONVERSION = YES;
				CLANG_WARN_OBJC_ROOT_CLASS = YES_ERROR;
				CLANG_WARN_QUOTED_INCLUDE_IN_FRAMEWORK_HEADER = YES;
				CLANG_WARN_RANGE_LOOP_ANALYSIS = YES;
				CLANG_WARN_STRICT_PROTOTYPES = YES;
				CLANG_WARN_SUSPICIOUS_MOVE = YES;
				CLANG_WARN_UNGUARDED_AVAILABILITY = YES_AGGRESSIVE;
				CLANG_WARN_UNREACHABLE_CODE = YES;
				CLANG_WARN__DUPLICATE_METHOD_MATCH = YES;
				COPY_PHASE_STRIP = NO;
				DEBUG_INFORMATION_FORMAT = dwarf;
				ENABLE_STRICT_OBJC_MSGSEND = YES;
				ENABLE_TESTABILITY = YES;
				GCC_C_LANGUAGE_STANDARD = gnu11;
				GCC_DYNAMIC_NO_PIC = NO;
				GCC_NO_COMMON_BLOCKS = YES;
				GCC_OPTIMIZATION_LEVEL = 0;
				GCC_PREPROCESSOR_DEFINITIONS = (
					"DEBUG=1",
					"$(inherited)",
				);
				GCC_WARN_64_TO_32_BIT_CONVERSION = YES;
				GCC_WARN_ABOUT_RETURN_TYPE = YES_ERROR;
				GCC_WARN_UNDECLARED_SELECTOR = YES;
				GCC_WARN_UNINITIALIZED_AUTOS = YES_AGGRESSIVE;
				GCC_WARN_UNUSED_FUNCTION = YES;
				GCC_WARN_UNUSED_VARIABLE = YES;
				MACOSX_DEPLOYMENT_TARGET = 11.2;
				MTL_ENABLE_DEBUG_INFO = INCLUDE_SOURCE;
				MTL_FAST_MATH = YES;
				ONLY_ACTIVE_ARCH = YES;
				SDKROOT = macosx;
				SWIFT_ACTIVE_COMPILATION_CONDITIONS = DEBUG;
				SWIFT_OPTIMIZATION_LEVEL = "-Onone";
			};
			name = Debug;
		};
		47306159265656EF001E3A1F /* Release */ = {
			isa = XCBuildConfiguration;
			buildSettings = {
				ALWAYS_SEARCH_USER_PATHS = NO;
				CLANG_ANALYZER_NONNULL = YES;
				CLANG_ANALYZER_NUMBER_OBJECT_CONVERSION = YES_AGGRESSIVE;
				CLANG_CXX_LANGUAGE_STANDARD = "gnu++14";
				CLANG_CXX_LIBRARY = "libc++";
				CLANG_ENABLE_MODULES = YES;
				CLANG_ENABLE_OBJC_ARC = YES;
				CLANG_ENABLE_OBJC_WEAK = YES;
				CLANG_WARN_BLOCK_CAPTURE_AUTORELEASING = YES;
				CLANG_WARN_BOOL_CONVERSION = YES;
				CLANG_WARN_COMMA = YES;
				CLANG_WARN_CONSTANT_CONVERSION = YES;
				CLANG_WARN_DEPRECATED_OBJC_IMPLEMENTATIONS = YES;
				CLANG_WARN_DIRECT_OBJC_ISA_USAGE = YES_ERROR;
				CLANG_WARN_DOCUMENTATION_COMMENTS = YES;
				CLANG_WARN_EMPTY_BODY = YES;
				CLANG_WARN_ENUM_CONVERSION = YES;
				CLANG_WARN_INFINITE_RECURSION = YES;
				CLANG_WARN_INT_CONVERSION = YES;
				CLANG_WARN_NON_LITERAL_NULL_CONVERSION = YES;
				CLANG_WARN_OBJC_IMPLICIT_RETAIN_SELF = YES;
				CLANG_WARN_OBJC_LITERAL_CONVERSION = YES;
				CLANG_WARN_OBJC_ROOT_CLASS = YES_ERROR;
				CLANG_WARN_QUOTED_INCLUDE_IN_FRAMEWORK_HEADER = YES;
				CLANG_WARN_RANGE_LOOP_ANALYSIS = YES;
				CLANG_WARN_STRICT_PROTOTYPES = YES;
				CLANG_WARN_SUSPICIOUS_MOVE = YES;
				CLANG_WARN_UNGUARDED_AVAILABILITY = YES_AGGRESSIVE;
				CLANG_WARN_UNREACHABLE_CODE = YES;
				CLANG_WARN__DUPLICATE_METHOD_MATCH = YES;
				COPY_PHASE_STRIP = NO;
				DEBUG_INFORMATION_FORMAT = "dwarf-with-dsym";
				ENABLE_NS_ASSERTIONS = NO;
				ENABLE_STRICT_OBJC_MSGSEND = YES;
				GCC_C_LANGUAGE_STANDARD = gnu11;
				GCC_NO_COMMON_BLOCKS = YES;
				GCC_WARN_64_TO_32_BIT_CONVERSION = YES;
				GCC_WARN_ABOUT_RETURN_TYPE = YES_ERROR;
				GCC_WARN_UNDECLARED_SELECTOR = YES;
				GCC_WARN_UNINITIALIZED_AUTOS = YES_AGGRESSIVE;
				GCC_WARN_UNUSED_FUNCTION = YES;
				GCC_WARN_UNUSED_VARIABLE = YES;
				MACOSX_DEPLOYMENT_TARGET = 11.2;
				MTL_ENABLE_DEBUG_INFO = NO;
				MTL_FAST_MATH = YES;
				SDKROOT = macosx;
				SWIFT_COMPILATION_MODE = wholemodule;
				SWIFT_OPTIMIZATION_LEVEL = "-O";
			};
			name = Release;
		};
		4730615B265656EF001E3A1F /* Debug */ = {
			isa = XCBuildConfiguration;
			buildSettings = {
				ASSETCATALOG_COMPILER_APPICON_NAME = AppIcon;
				ASSETCATALOG_COMPILER_GLOBAL_ACCENT_COLOR_NAME = AccentColor;
				CODE_SIGN_ENTITLEMENTS = Spottie/Spottie.entitlements;
				CODE_SIGN_STYLE = Automatic;
				COMBINE_HIDPI_IMAGES = YES;
				DEVELOPMENT_ASSET_PATHS = "\"Spottie/Preview Content\"";
				ENABLE_PREVIEWS = YES;
				INFOPLIST_FILE = Spottie/Info.plist;
				LD_RUNPATH_SEARCH_PATHS = (
					"$(inherited)",
					"@executable_path/../Frameworks",
				);
				MACOSX_DEPLOYMENT_TARGET = 11.0;
				PRODUCT_BUNDLE_IDENTIFIER = ljk.Spottie;
				PRODUCT_NAME = "$(TARGET_NAME)";
				SWIFT_VERSION = 5.0;
			};
			name = Debug;
		};
		4730615C265656EF001E3A1F /* Release */ = {
			isa = XCBuildConfiguration;
			buildSettings = {
				ASSETCATALOG_COMPILER_APPICON_NAME = AppIcon;
				ASSETCATALOG_COMPILER_GLOBAL_ACCENT_COLOR_NAME = AccentColor;
				CODE_SIGN_ENTITLEMENTS = Spottie/Spottie.entitlements;
				CODE_SIGN_STYLE = Automatic;
				COMBINE_HIDPI_IMAGES = YES;
				DEVELOPMENT_ASSET_PATHS = "\"Spottie/Preview Content\"";
				ENABLE_PREVIEWS = YES;
				INFOPLIST_FILE = Spottie/Info.plist;
				LD_RUNPATH_SEARCH_PATHS = (
					"$(inherited)",
					"@executable_path/../Frameworks",
				);
				MACOSX_DEPLOYMENT_TARGET = 11.0;
				PRODUCT_BUNDLE_IDENTIFIER = ljk.Spottie;
				PRODUCT_NAME = "$(TARGET_NAME)";
				SWIFT_VERSION = 5.0;
			};
			name = Release;
		};
/* End XCBuildConfiguration section */

/* Begin XCConfigurationList section */
		47306145265656ED001E3A1F /* Build configuration list for PBXProject "Spottie" */ = {
			isa = XCConfigurationList;
			buildConfigurations = (
				47306158265656EF001E3A1F /* Debug */,
				47306159265656EF001E3A1F /* Release */,
			);
			defaultConfigurationIsVisible = 0;
			defaultConfigurationName = Release;
		};
		4730615A265656EF001E3A1F /* Build configuration list for PBXNativeTarget "Spottie" */ = {
			isa = XCConfigurationList;
			buildConfigurations = (
				4730615B265656EF001E3A1F /* Debug */,
				4730615C265656EF001E3A1F /* Release */,
			);
			defaultConfigurationIsVisible = 0;
			defaultConfigurationName = Release;
		};
/* End XCConfigurationList section */

/* Begin XCRemoteSwiftPackageReference section */
		470201C4265CF4560030ECA9 /* XCRemoteSwiftPackageReference "SDWebImageSwiftUI" */ = {
			isa = XCRemoteSwiftPackageReference;
			repositoryURL = "https://github.com/SDWebImage/SDWebImageSwiftUI";
			requirement = {
				kind = upToNextMajorVersion;
				minimumVersion = 2.0.2;
			};
		};
/* End XCRemoteSwiftPackageReference section */

/* Begin XCSwiftPackageProductDependency section */
		470201C5265CF4560030ECA9 /* SDWebImageSwiftUI */ = {
			isa = XCSwiftPackageProductDependency;
			package = 470201C4265CF4560030ECA9 /* XCRemoteSwiftPackageReference "SDWebImageSwiftUI" */;
			productName = SDWebImageSwiftUI;
		};
/* End XCSwiftPackageProductDependency section */
	};
	rootObject = 47306142265656ED001E3A1F /* Project object */;
}
